// !$*UTF8*$!
{
	archiveVersion = 1;
	classes = {
	};
	objectVersion = 56;
	objects = {

/* Begin PBXBuildFile section */
		2D50E01D29B5A71F0072A7D3 /* HttpMethod.swift in Sources */ = {isa = PBXBuildFile; fileRef = 2D50DFEC29B5A71F0072A7D3 /* HttpMethod.swift */; };
		2D50E01E29B5A71F0072A7D3 /* HttpClient.swift in Sources */ = {isa = PBXBuildFile; fileRef = 2D50DFED29B5A71F0072A7D3 /* HttpClient.swift */; };
		2D50E01F29B5A71F0072A7D3 /* AppErrors.swift in Sources */ = {isa = PBXBuildFile; fileRef = 2D50DFEE29B5A71F0072A7D3 /* AppErrors.swift */; };
		2D50E02029B5A71F0072A7D3 /* AppConfiguration.swift in Sources */ = {isa = PBXBuildFile; fileRef = 2D50DFF029B5A71F0072A7D3 /* AppConfiguration.swift */; };
		2D50E02129B5A71F0072A7D3 /* AppConstants.swift in Sources */ = {isa = PBXBuildFile; fileRef = 2D50DFF129B5A71F0072A7D3 /* AppConstants.swift */; };
		2D50E02229B5A71F0072A7D3 /* AppEnvironment.swift in Sources */ = {isa = PBXBuildFile; fileRef = 2D50DFF229B5A71F0072A7D3 /* AppEnvironment.swift */; };
		2D50E02329B5A71F0072A7D3 /* AppUtility.swift in Sources */ = {isa = PBXBuildFile; fileRef = 2D50DFF329B5A71F0072A7D3 /* AppUtility.swift */; };
		2D50E02429B5A71F0072A7D3 /* MoreInfoViewModel.swift in Sources */ = {isa = PBXBuildFile; fileRef = 2D50DFF729B5A71F0072A7D3 /* MoreInfoViewModel.swift */; };
		2D50E02529B5A71F0072A7D3 /* MoreInfoView.swift in Sources */ = {isa = PBXBuildFile; fileRef = 2D50DFF929B5A71F0072A7D3 /* MoreInfoView.swift */; };
		2D50E02629B5A71F0072A7D3 /* MoreInfoConfigurator.swift in Sources */ = {isa = PBXBuildFile; fileRef = 2D50DFFB29B5A71F0072A7D3 /* MoreInfoConfigurator.swift */; };
		2D50E02729B5A71F0072A7D3 /* UserDetailsViewModel.swift in Sources */ = {isa = PBXBuildFile; fileRef = 2D50DFFE29B5A71F0072A7D3 /* UserDetailsViewModel.swift */; };
		2D50E02829B5A71F0072A7D3 /* UserDetailsView.swift in Sources */ = {isa = PBXBuildFile; fileRef = 2D50E00029B5A71F0072A7D3 /* UserDetailsView.swift */; };
		2D50E02929B5A71F0072A7D3 /* UserDetailsConfiguarator.swift in Sources */ = {isa = PBXBuildFile; fileRef = 2D50E00229B5A71F0072A7D3 /* UserDetailsConfiguarator.swift */; };
		2D50E02A29B5A71F0072A7D3 /* UserDetailsRouter.swift in Sources */ = {isa = PBXBuildFile; fileRef = 2D50E00429B5A71F0072A7D3 /* UserDetailsRouter.swift */; };
		2D50E02B29B5A71F0072A7D3 /* UsersViewModel.swift in Sources */ = {isa = PBXBuildFile; fileRef = 2D50E00729B5A71F0072A7D3 /* UsersViewModel.swift */; };
		2D50E02C29B5A71F0072A7D3 /* UsersView.swift in Sources */ = {isa = PBXBuildFile; fileRef = 2D50E00929B5A71F0072A7D3 /* UsersView.swift */; };
		2D50E02D29B5A71F0072A7D3 /* UsersConfigurator.swift in Sources */ = {isa = PBXBuildFile; fileRef = 2D50E00B29B5A71F0072A7D3 /* UsersConfigurator.swift */; };
		2D50E02E29B5A71F0072A7D3 /* UsersRouter.swift in Sources */ = {isa = PBXBuildFile; fileRef = 2D50E00D29B5A71F0072A7D3 /* UsersRouter.swift */; };
		2D50E03329B5A71F0072A7D3 /* NewsAPIEndpoint.swift in Sources */ = {isa = PBXBuildFile; fileRef = 2D50E01529B5A71F0072A7D3 /* NewsAPIEndpoint.swift */; };
		2D50E03429B5A71F0072A7D3 /* BaseAPIEndpoint.swift in Sources */ = {isa = PBXBuildFile; fileRef = 2D50E01629B5A71F0072A7D3 /* BaseAPIEndpoint.swift */; };
		2D50E03529B5A71F0072A7D3 /* Users.swift in Sources */ = {isa = PBXBuildFile; fileRef = 2D50E01829B5A71F0072A7D3 /* Users.swift */; };
		2D50E03629B5A71F0072A7D3 /* User.swift in Sources */ = {isa = PBXBuildFile; fileRef = 2D50E01929B5A71F0072A7D3 /* User.swift */; };
		2D50E03729B5A71F0072A7D3 /* UserImageService.swift in Sources */ = {isa = PBXBuildFile; fileRef = 2D50E01B29B5A71F0072A7D3 /* UserImageService.swift */; };
		2D50E03829B5A71F0072A7D3 /* UserService.swift in Sources */ = {isa = PBXBuildFile; fileRef = 2D50E01C29B5A71F0072A7D3 /* UserService.swift */; };
		2D50E04029B5AA610072A7D3 /* BaseConfig.xcconfig in Resources */ = {isa = PBXBuildFile; fileRef = 2D50E03C29B5AA610072A7D3 /* BaseConfig.xcconfig */; };
		2D50E04129B5AA610072A7D3 /* StagingConfig.xcconfig in Resources */ = {isa = PBXBuildFile; fileRef = 2D50E03D29B5AA610072A7D3 /* StagingConfig.xcconfig */; };
		2D50E04229B5AA610072A7D3 /* ProductionConfig.xcconfig in Resources */ = {isa = PBXBuildFile; fileRef = 2D50E03E29B5AA610072A7D3 /* ProductionConfig.xcconfig */; };
		2D50E05629B5B3430072A7D3 /* Assets.xcassets in Resources */ = {isa = PBXBuildFile; fileRef = 2D50E05529B5B3430072A7D3 /* Assets.xcassets */; };
		2D81043329B5027200F22C48 /* MVVMCleanCodeSwiftUIApp.swift in Sources */ = {isa = PBXBuildFile; fileRef = 2D81043229B5027200F22C48 /* MVVMCleanCodeSwiftUIApp.swift */; };
		2D81043A29B5027300F22C48 /* Preview Assets.xcassets in Resources */ = {isa = PBXBuildFile; fileRef = 2D81043929B5027300F22C48 /* Preview Assets.xcassets */; };
		2D81044429B5027400F22C48 /* MVVMCleanCodeSwiftUITests.swift in Sources */ = {isa = PBXBuildFile; fileRef = 2D81044329B5027400F22C48 /* MVVMCleanCodeSwiftUITests.swift */; };
		BC8A5769B49F172B877B5242 /* Pods_MVVMCleanCodeSwiftUI.framework in Frameworks */ = {isa = PBXBuildFile; fileRef = B62DAFD0A7946C9A3E870DF4 /* Pods_MVVMCleanCodeSwiftUI.framework */; };
/* End PBXBuildFile section */

/* Begin PBXContainerItemProxy section */
		2D81044029B5027400F22C48 /* PBXContainerItemProxy */ = {
			isa = PBXContainerItemProxy;
			containerPortal = 2D81042729B5027200F22C48 /* Project object */;
			proxyType = 1;
			remoteGlobalIDString = 2D81042E29B5027200F22C48;
			remoteInfo = MVVMCleanCodeSwiftUI;
		};
/* End PBXContainerItemProxy section */

/* Begin PBXFileReference section */
		119B8EDA29A78817A6DBECBF /* Pods-MVVMCleanCodeSwiftUITests.debugstaging.xcconfig */ = {isa = PBXFileReference; includeInIndex = 1; lastKnownFileType = text.xcconfig; name = "Pods-MVVMCleanCodeSwiftUITests.debugstaging.xcconfig"; path = "Target Support Files/Pods-MVVMCleanCodeSwiftUITests/Pods-MVVMCleanCodeSwiftUITests.debugstaging.xcconfig"; sourceTree = "<group>"; };
		174854144AE29FA44AEE5C27 /* Pods-MVVMCleanCodeSwiftUITests.releaseproduction.xcconfig */ = {isa = PBXFileReference; includeInIndex = 1; lastKnownFileType = text.xcconfig; name = "Pods-MVVMCleanCodeSwiftUITests.releaseproduction.xcconfig"; path = "Target Support Files/Pods-MVVMCleanCodeSwiftUITests/Pods-MVVMCleanCodeSwiftUITests.releaseproduction.xcconfig"; sourceTree = "<group>"; };
		2367F69923281454B5C93467 /* Pods-MVVMCleanCodeSwiftUITests.debugproduction.xcconfig */ = {isa = PBXFileReference; includeInIndex = 1; lastKnownFileType = text.xcconfig; name = "Pods-MVVMCleanCodeSwiftUITests.debugproduction.xcconfig"; path = "Target Support Files/Pods-MVVMCleanCodeSwiftUITests/Pods-MVVMCleanCodeSwiftUITests.debugproduction.xcconfig"; sourceTree = "<group>"; };
		2D50DFEC29B5A71F0072A7D3 /* HttpMethod.swift */ = {isa = PBXFileReference; fileEncoding = 4; lastKnownFileType = sourcecode.swift; path = HttpMethod.swift; sourceTree = "<group>"; };
		2D50DFED29B5A71F0072A7D3 /* HttpClient.swift */ = {isa = PBXFileReference; fileEncoding = 4; lastKnownFileType = sourcecode.swift; path = HttpClient.swift; sourceTree = "<group>"; };
		2D50DFEE29B5A71F0072A7D3 /* AppErrors.swift */ = {isa = PBXFileReference; fileEncoding = 4; lastKnownFileType = sourcecode.swift; path = AppErrors.swift; sourceTree = "<group>"; };
		2D50DFF029B5A71F0072A7D3 /* AppConfiguration.swift */ = {isa = PBXFileReference; fileEncoding = 4; lastKnownFileType = sourcecode.swift; path = AppConfiguration.swift; sourceTree = "<group>"; };
		2D50DFF129B5A71F0072A7D3 /* AppConstants.swift */ = {isa = PBXFileReference; fileEncoding = 4; lastKnownFileType = sourcecode.swift; path = AppConstants.swift; sourceTree = "<group>"; };
		2D50DFF229B5A71F0072A7D3 /* AppEnvironment.swift */ = {isa = PBXFileReference; fileEncoding = 4; lastKnownFileType = sourcecode.swift; path = AppEnvironment.swift; sourceTree = "<group>"; };
		2D50DFF329B5A71F0072A7D3 /* AppUtility.swift */ = {isa = PBXFileReference; fileEncoding = 4; lastKnownFileType = sourcecode.swift; path = AppUtility.swift; sourceTree = "<group>"; };
		2D50DFF729B5A71F0072A7D3 /* MoreInfoViewModel.swift */ = {isa = PBXFileReference; fileEncoding = 4; lastKnownFileType = sourcecode.swift; path = MoreInfoViewModel.swift; sourceTree = "<group>"; };
		2D50DFF929B5A71F0072A7D3 /* MoreInfoView.swift */ = {isa = PBXFileReference; fileEncoding = 4; lastKnownFileType = sourcecode.swift; path = MoreInfoView.swift; sourceTree = "<group>"; };
		2D50DFFB29B5A71F0072A7D3 /* MoreInfoConfigurator.swift */ = {isa = PBXFileReference; fileEncoding = 4; lastKnownFileType = sourcecode.swift; path = MoreInfoConfigurator.swift; sourceTree = "<group>"; };
		2D50DFFE29B5A71F0072A7D3 /* UserDetailsViewModel.swift */ = {isa = PBXFileReference; fileEncoding = 4; lastKnownFileType = sourcecode.swift; path = UserDetailsViewModel.swift; sourceTree = "<group>"; };
		2D50E00029B5A71F0072A7D3 /* UserDetailsView.swift */ = {isa = PBXFileReference; fileEncoding = 4; lastKnownFileType = sourcecode.swift; path = UserDetailsView.swift; sourceTree = "<group>"; };
		2D50E00229B5A71F0072A7D3 /* UserDetailsConfiguarator.swift */ = {isa = PBXFileReference; fileEncoding = 4; lastKnownFileType = sourcecode.swift; path = UserDetailsConfiguarator.swift; sourceTree = "<group>"; };
		2D50E00429B5A71F0072A7D3 /* UserDetailsRouter.swift */ = {isa = PBXFileReference; fileEncoding = 4; lastKnownFileType = sourcecode.swift; path = UserDetailsRouter.swift; sourceTree = "<group>"; };
		2D50E00729B5A71F0072A7D3 /* UsersViewModel.swift */ = {isa = PBXFileReference; fileEncoding = 4; lastKnownFileType = sourcecode.swift; path = UsersViewModel.swift; sourceTree = "<group>"; };
		2D50E00929B5A71F0072A7D3 /* UsersView.swift */ = {isa = PBXFileReference; fileEncoding = 4; lastKnownFileType = sourcecode.swift; path = UsersView.swift; sourceTree = "<group>"; };
		2D50E00B29B5A71F0072A7D3 /* UsersConfigurator.swift */ = {isa = PBXFileReference; fileEncoding = 4; lastKnownFileType = sourcecode.swift; path = UsersConfigurator.swift; sourceTree = "<group>"; };
		2D50E00D29B5A71F0072A7D3 /* UsersRouter.swift */ = {isa = PBXFileReference; fileEncoding = 4; lastKnownFileType = sourcecode.swift; path = UsersRouter.swift; sourceTree = "<group>"; };
		2D50E01529B5A71F0072A7D3 /* NewsAPIEndpoint.swift */ = {isa = PBXFileReference; fileEncoding = 4; lastKnownFileType = sourcecode.swift; path = NewsAPIEndpoint.swift; sourceTree = "<group>"; };
		2D50E01629B5A71F0072A7D3 /* BaseAPIEndpoint.swift */ = {isa = PBXFileReference; fileEncoding = 4; lastKnownFileType = sourcecode.swift; path = BaseAPIEndpoint.swift; sourceTree = "<group>"; };
		2D50E01829B5A71F0072A7D3 /* Users.swift */ = {isa = PBXFileReference; fileEncoding = 4; lastKnownFileType = sourcecode.swift; path = Users.swift; sourceTree = "<group>"; };
		2D50E01929B5A71F0072A7D3 /* User.swift */ = {isa = PBXFileReference; fileEncoding = 4; lastKnownFileType = sourcecode.swift; path = User.swift; sourceTree = "<group>"; };
		2D50E01B29B5A71F0072A7D3 /* UserImageService.swift */ = {isa = PBXFileReference; fileEncoding = 4; lastKnownFileType = sourcecode.swift; path = UserImageService.swift; sourceTree = "<group>"; };
		2D50E01C29B5A71F0072A7D3 /* UserService.swift */ = {isa = PBXFileReference; fileEncoding = 4; lastKnownFileType = sourcecode.swift; path = UserService.swift; sourceTree = "<group>"; };
		2D50E03929B5A7840072A7D3 /* Info.plist */ = {isa = PBXFileReference; lastKnownFileType = text.plist; path = Info.plist; sourceTree = "<group>"; };
		2D50E03C29B5AA610072A7D3 /* BaseConfig.xcconfig */ = {isa = PBXFileReference; fileEncoding = 4; lastKnownFileType = text.xcconfig; path = BaseConfig.xcconfig; sourceTree = "<group>"; };
		2D50E03D29B5AA610072A7D3 /* StagingConfig.xcconfig */ = {isa = PBXFileReference; fileEncoding = 4; lastKnownFileType = text.xcconfig; path = StagingConfig.xcconfig; sourceTree = "<group>"; };
		2D50E03E29B5AA610072A7D3 /* ProductionConfig.xcconfig */ = {isa = PBXFileReference; fileEncoding = 4; lastKnownFileType = text.xcconfig; path = ProductionConfig.xcconfig; sourceTree = "<group>"; };
		2D50E05329B5AD020072A7D3 /* ReleaseConfig.xcconfig */ = {isa = PBXFileReference; lastKnownFileType = text.xcconfig; path = ReleaseConfig.xcconfig; sourceTree = "<group>"; };
		2D50E05429B5AD490072A7D3 /* DebugConfig.xcconfig */ = {isa = PBXFileReference; lastKnownFileType = text.xcconfig; path = DebugConfig.xcconfig; sourceTree = "<group>"; };
		2D50E05529B5B3430072A7D3 /* Assets.xcassets */ = {isa = PBXFileReference; lastKnownFileType = folder.assetcatalog; path = Assets.xcassets; sourceTree = "<group>"; };
		2D81042F29B5027200F22C48 /* MVVMCleanCodeSwiftUI.app */ = {isa = PBXFileReference; explicitFileType = wrapper.application; includeInIndex = 0; path = MVVMCleanCodeSwiftUI.app; sourceTree = BUILT_PRODUCTS_DIR; };
		2D81043229B5027200F22C48 /* MVVMCleanCodeSwiftUIApp.swift */ = {isa = PBXFileReference; lastKnownFileType = sourcecode.swift; path = MVVMCleanCodeSwiftUIApp.swift; sourceTree = "<group>"; };
		2D81043929B5027300F22C48 /* Preview Assets.xcassets */ = {isa = PBXFileReference; lastKnownFileType = folder.assetcatalog; path = "Preview Assets.xcassets"; sourceTree = "<group>"; };
		2D81043F29B5027400F22C48 /* MVVMCleanCodeSwiftUITests.xctest */ = {isa = PBXFileReference; explicitFileType = wrapper.cfbundle; includeInIndex = 0; path = MVVMCleanCodeSwiftUITests.xctest; sourceTree = BUILT_PRODUCTS_DIR; };
		2D81044329B5027400F22C48 /* MVVMCleanCodeSwiftUITests.swift */ = {isa = PBXFileReference; lastKnownFileType = sourcecode.swift; path = MVVMCleanCodeSwiftUITests.swift; sourceTree = "<group>"; };
		38A9605AF061B885AFB2578D /* Pods-MVVMCleanCodeSwiftUI-MVVMCleanCodeSwiftUIUITests.debugstaging.xcconfig */ = {isa = PBXFileReference; includeInIndex = 1; lastKnownFileType = text.xcconfig; name = "Pods-MVVMCleanCodeSwiftUI-MVVMCleanCodeSwiftUIUITests.debugstaging.xcconfig"; path = "Target Support Files/Pods-MVVMCleanCodeSwiftUI-MVVMCleanCodeSwiftUIUITests/Pods-MVVMCleanCodeSwiftUI-MVVMCleanCodeSwiftUIUITests.debugstaging.xcconfig"; sourceTree = "<group>"; };
		4AC81BE534A13783A45B1841 /* Pods-MVVMCleanCodeSwiftUITests.releasestaging.xcconfig */ = {isa = PBXFileReference; includeInIndex = 1; lastKnownFileType = text.xcconfig; name = "Pods-MVVMCleanCodeSwiftUITests.releasestaging.xcconfig"; path = "Target Support Files/Pods-MVVMCleanCodeSwiftUITests/Pods-MVVMCleanCodeSwiftUITests.releasestaging.xcconfig"; sourceTree = "<group>"; };
		4DBCA6074C7C4057DB7BEC08 /* Pods-MVVMCleanCodeSwiftUI.debugproduction.xcconfig */ = {isa = PBXFileReference; includeInIndex = 1; lastKnownFileType = text.xcconfig; name = "Pods-MVVMCleanCodeSwiftUI.debugproduction.xcconfig"; path = "Target Support Files/Pods-MVVMCleanCodeSwiftUI/Pods-MVVMCleanCodeSwiftUI.debugproduction.xcconfig"; sourceTree = "<group>"; };
		6B8F6DEBB1A4D504B90F37D9 /* Pods-MVVMCleanCodeSwiftUI.releasestaging.xcconfig */ = {isa = PBXFileReference; includeInIndex = 1; lastKnownFileType = text.xcconfig; name = "Pods-MVVMCleanCodeSwiftUI.releasestaging.xcconfig"; path = "Target Support Files/Pods-MVVMCleanCodeSwiftUI/Pods-MVVMCleanCodeSwiftUI.releasestaging.xcconfig"; sourceTree = "<group>"; };
		6E69BA48238A6069602646EC /* Pods-MVVMCleanCodeSwiftUI.production.xcconfig */ = {isa = PBXFileReference; includeInIndex = 1; lastKnownFileType = text.xcconfig; name = "Pods-MVVMCleanCodeSwiftUI.production.xcconfig"; path = "Target Support Files/Pods-MVVMCleanCodeSwiftUI/Pods-MVVMCleanCodeSwiftUI.production.xcconfig"; sourceTree = "<group>"; };
		76EF14F6514C3B5A287323AF /* Pods-MVVMCleanCodeSwiftUI.releaseproduction.xcconfig */ = {isa = PBXFileReference; includeInIndex = 1; lastKnownFileType = text.xcconfig; name = "Pods-MVVMCleanCodeSwiftUI.releaseproduction.xcconfig"; path = "Target Support Files/Pods-MVVMCleanCodeSwiftUI/Pods-MVVMCleanCodeSwiftUI.releaseproduction.xcconfig"; sourceTree = "<group>"; };
		7AC5F430674B1EFBDD06F6F2 /* Pods-MVVMCleanCodeSwiftUI-MVVMCleanCodeSwiftUIUITests.staging.xcconfig */ = {isa = PBXFileReference; includeInIndex = 1; lastKnownFileType = text.xcconfig; name = "Pods-MVVMCleanCodeSwiftUI-MVVMCleanCodeSwiftUIUITests.staging.xcconfig"; path = "Target Support Files/Pods-MVVMCleanCodeSwiftUI-MVVMCleanCodeSwiftUIUITests/Pods-MVVMCleanCodeSwiftUI-MVVMCleanCodeSwiftUIUITests.staging.xcconfig"; sourceTree = "<group>"; };
		7EA94DD5CAFCA6D5A6771FAC /* Pods-MVVMCleanCodeSwiftUI-MVVMCleanCodeSwiftUIUITests.release.xcconfig */ = {isa = PBXFileReference; includeInIndex = 1; lastKnownFileType = text.xcconfig; name = "Pods-MVVMCleanCodeSwiftUI-MVVMCleanCodeSwiftUIUITests.release.xcconfig"; path = "Target Support Files/Pods-MVVMCleanCodeSwiftUI-MVVMCleanCodeSwiftUIUITests/Pods-MVVMCleanCodeSwiftUI-MVVMCleanCodeSwiftUIUITests.release.xcconfig"; sourceTree = "<group>"; };
		84E9EAAF83AEA92C5FCF9102 /* Pods-MVVMCleanCodeSwiftUITests.releasedevelopment.xcconfig */ = {isa = PBXFileReference; includeInIndex = 1; lastKnownFileType = text.xcconfig; name = "Pods-MVVMCleanCodeSwiftUITests.releasedevelopment.xcconfig"; path = "Target Support Files/Pods-MVVMCleanCodeSwiftUITests/Pods-MVVMCleanCodeSwiftUITests.releasedevelopment.xcconfig"; sourceTree = "<group>"; };
		86DC38F3CB11A07EE868B8F6 /* Pods-MVVMCleanCodeSwiftUI.release.xcconfig */ = {isa = PBXFileReference; includeInIndex = 1; lastKnownFileType = text.xcconfig; name = "Pods-MVVMCleanCodeSwiftUI.release.xcconfig"; path = "Target Support Files/Pods-MVVMCleanCodeSwiftUI/Pods-MVVMCleanCodeSwiftUI.release.xcconfig"; sourceTree = "<group>"; };
		8E1AD7A19149AC4D2BA1F21A /* Pods-MVVMCleanCodeSwiftUI-MVVMCleanCodeSwiftUIUITests.debugdevelopment.xcconfig */ = {isa = PBXFileReference; includeInIndex = 1; lastKnownFileType = text.xcconfig; name = "Pods-MVVMCleanCodeSwiftUI-MVVMCleanCodeSwiftUIUITests.debugdevelopment.xcconfig"; path = "Target Support Files/Pods-MVVMCleanCodeSwiftUI-MVVMCleanCodeSwiftUIUITests/Pods-MVVMCleanCodeSwiftUI-MVVMCleanCodeSwiftUIUITests.debugdevelopment.xcconfig"; sourceTree = "<group>"; };
		9959CF6051C28E614EE596D6 /* Pods-MVVMCleanCodeSwiftUI-MVVMCleanCodeSwiftUIUITests.debugproduction.xcconfig */ = {isa = PBXFileReference; includeInIndex = 1; lastKnownFileType = text.xcconfig; name = "Pods-MVVMCleanCodeSwiftUI-MVVMCleanCodeSwiftUIUITests.debugproduction.xcconfig"; path = "Target Support Files/Pods-MVVMCleanCodeSwiftUI-MVVMCleanCodeSwiftUIUITests/Pods-MVVMCleanCodeSwiftUI-MVVMCleanCodeSwiftUIUITests.debugproduction.xcconfig"; sourceTree = "<group>"; };
		A23200838130CFB9342C0550 /* Pods-MVVMCleanCodeSwiftUI.debugstaging.xcconfig */ = {isa = PBXFileReference; includeInIndex = 1; lastKnownFileType = text.xcconfig; name = "Pods-MVVMCleanCodeSwiftUI.debugstaging.xcconfig"; path = "Target Support Files/Pods-MVVMCleanCodeSwiftUI/Pods-MVVMCleanCodeSwiftUI.debugstaging.xcconfig"; sourceTree = "<group>"; };
		A3EE8C9005A60F730C953CE2 /* Pods-MVVMCleanCodeSwiftUI-MVVMCleanCodeSwiftUIUITests.debug.xcconfig */ = {isa = PBXFileReference; includeInIndex = 1; lastKnownFileType = text.xcconfig; name = "Pods-MVVMCleanCodeSwiftUI-MVVMCleanCodeSwiftUIUITests.debug.xcconfig"; path = "Target Support Files/Pods-MVVMCleanCodeSwiftUI-MVVMCleanCodeSwiftUIUITests/Pods-MVVMCleanCodeSwiftUI-MVVMCleanCodeSwiftUIUITests.debug.xcconfig"; sourceTree = "<group>"; };
		A7BCACB2BB942E146F166130 /* Pods-MVVMCleanCodeSwiftUI-MVVMCleanCodeSwiftUIUITests.releasedevelopment.xcconfig */ = {isa = PBXFileReference; includeInIndex = 1; lastKnownFileType = text.xcconfig; name = "Pods-MVVMCleanCodeSwiftUI-MVVMCleanCodeSwiftUIUITests.releasedevelopment.xcconfig"; path = "Target Support Files/Pods-MVVMCleanCodeSwiftUI-MVVMCleanCodeSwiftUIUITests/Pods-MVVMCleanCodeSwiftUI-MVVMCleanCodeSwiftUIUITests.releasedevelopment.xcconfig"; sourceTree = "<group>"; };
		B2A653B044536BE1AEEC65DD /* Pods-MVVMCleanCodeSwiftUI.releasedevelopment.xcconfig */ = {isa = PBXFileReference; includeInIndex = 1; lastKnownFileType = text.xcconfig; name = "Pods-MVVMCleanCodeSwiftUI.releasedevelopment.xcconfig"; path = "Target Support Files/Pods-MVVMCleanCodeSwiftUI/Pods-MVVMCleanCodeSwiftUI.releasedevelopment.xcconfig"; sourceTree = "<group>"; };
		B62DAFD0A7946C9A3E870DF4 /* Pods_MVVMCleanCodeSwiftUI.framework */ = {isa = PBXFileReference; explicitFileType = wrapper.framework; includeInIndex = 0; path = Pods_MVVMCleanCodeSwiftUI.framework; sourceTree = BUILT_PRODUCTS_DIR; };
		B6D0329E18D237ED60E9D14E /* Pods-MVVMCleanCodeSwiftUI.debug.xcconfig */ = {isa = PBXFileReference; includeInIndex = 1; lastKnownFileType = text.xcconfig; name = "Pods-MVVMCleanCodeSwiftUI.debug.xcconfig"; path = "Target Support Files/Pods-MVVMCleanCodeSwiftUI/Pods-MVVMCleanCodeSwiftUI.debug.xcconfig"; sourceTree = "<group>"; };
		BF28AB626422D2F2BB25C589 /* Pods-MVVMCleanCodeSwiftUI-MVVMCleanCodeSwiftUIUITests.releaseproduction.xcconfig */ = {isa = PBXFileReference; includeInIndex = 1; lastKnownFileType = text.xcconfig; name = "Pods-MVVMCleanCodeSwiftUI-MVVMCleanCodeSwiftUIUITests.releaseproduction.xcconfig"; path = "Target Support Files/Pods-MVVMCleanCodeSwiftUI-MVVMCleanCodeSwiftUIUITests/Pods-MVVMCleanCodeSwiftUI-MVVMCleanCodeSwiftUIUITests.releaseproduction.xcconfig"; sourceTree = "<group>"; };
		CB5B7EF5C1337359B062C1A1 /* Pods-MVVMCleanCodeSwiftUI.debugdevelopment.xcconfig */ = {isa = PBXFileReference; includeInIndex = 1; lastKnownFileType = text.xcconfig; name = "Pods-MVVMCleanCodeSwiftUI.debugdevelopment.xcconfig"; path = "Target Support Files/Pods-MVVMCleanCodeSwiftUI/Pods-MVVMCleanCodeSwiftUI.debugdevelopment.xcconfig"; sourceTree = "<group>"; };
		D743F17239DA3912AE0D955A /* Pods-MVVMCleanCodeSwiftUI.staging.xcconfig */ = {isa = PBXFileReference; includeInIndex = 1; lastKnownFileType = text.xcconfig; name = "Pods-MVVMCleanCodeSwiftUI.staging.xcconfig"; path = "Target Support Files/Pods-MVVMCleanCodeSwiftUI/Pods-MVVMCleanCodeSwiftUI.staging.xcconfig"; sourceTree = "<group>"; };
		E2AB56B4F22E2E4F2C4BC699 /* Pods-MVVMCleanCodeSwiftUITests.debugdevelopment.xcconfig */ = {isa = PBXFileReference; includeInIndex = 1; lastKnownFileType = text.xcconfig; name = "Pods-MVVMCleanCodeSwiftUITests.debugdevelopment.xcconfig"; path = "Target Support Files/Pods-MVVMCleanCodeSwiftUITests/Pods-MVVMCleanCodeSwiftUITests.debugdevelopment.xcconfig"; sourceTree = "<group>"; };
		F1FD82D4B14973309633B53D /* Pods-MVVMCleanCodeSwiftUI-MVVMCleanCodeSwiftUIUITests.production.xcconfig */ = {isa = PBXFileReference; includeInIndex = 1; lastKnownFileType = text.xcconfig; name = "Pods-MVVMCleanCodeSwiftUI-MVVMCleanCodeSwiftUIUITests.production.xcconfig"; path = "Target Support Files/Pods-MVVMCleanCodeSwiftUI-MVVMCleanCodeSwiftUIUITests/Pods-MVVMCleanCodeSwiftUI-MVVMCleanCodeSwiftUIUITests.production.xcconfig"; sourceTree = "<group>"; };
		F41251BA4C38CE609BA06ED1 /* Pods-MVVMCleanCodeSwiftUI-MVVMCleanCodeSwiftUIUITests.releasestaging.xcconfig */ = {isa = PBXFileReference; includeInIndex = 1; lastKnownFileType = text.xcconfig; name = "Pods-MVVMCleanCodeSwiftUI-MVVMCleanCodeSwiftUIUITests.releasestaging.xcconfig"; path = "Target Support Files/Pods-MVVMCleanCodeSwiftUI-MVVMCleanCodeSwiftUIUITests/Pods-MVVMCleanCodeSwiftUI-MVVMCleanCodeSwiftUIUITests.releasestaging.xcconfig"; sourceTree = "<group>"; };
/* End PBXFileReference section */

/* Begin PBXFrameworksBuildPhase section */
		2D81042C29B5027200F22C48 /* Frameworks */ = {
			isa = PBXFrameworksBuildPhase;
			buildActionMask = 2147483647;
			files = (
				BC8A5769B49F172B877B5242 /* Pods_MVVMCleanCodeSwiftUI.framework in Frameworks */,
			);
			runOnlyForDeploymentPostprocessing = 0;
		};
		2D81043C29B5027400F22C48 /* Frameworks */ = {
			isa = PBXFrameworksBuildPhase;
			buildActionMask = 2147483647;
			files = (
			);
			runOnlyForDeploymentPostprocessing = 0;
		};
/* End PBXFrameworksBuildPhase section */

/* Begin PBXGroup section */
		2D50DFEA29B5A71F0072A7D3 /* Core */ = {
			isa = PBXGroup;
			children = (
				2D50DFEB29B5A71F0072A7D3 /* Network */,
				2D50DFEE29B5A71F0072A7D3 /* AppErrors.swift */,
				2D50DFEF29B5A71F0072A7D3 /* AppConfig */,
				2D50DFF329B5A71F0072A7D3 /* AppUtility.swift */,
			);
			path = Core;
			sourceTree = "<group>";
		};
		2D50DFEB29B5A71F0072A7D3 /* Network */ = {
			isa = PBXGroup;
			children = (
				2D50DFEC29B5A71F0072A7D3 /* HttpMethod.swift */,
				2D50DFED29B5A71F0072A7D3 /* HttpClient.swift */,
			);
			path = Network;
			sourceTree = "<group>";
		};
		2D50DFEF29B5A71F0072A7D3 /* AppConfig */ = {
			isa = PBXGroup;
			children = (
				2D50DFF029B5A71F0072A7D3 /* AppConfiguration.swift */,
				2D50DFF129B5A71F0072A7D3 /* AppConstants.swift */,
				2D50DFF229B5A71F0072A7D3 /* AppEnvironment.swift */,
			);
			path = AppConfig;
			sourceTree = "<group>";
		};
		2D50DFF429B5A71F0072A7D3 /* Presentation */ = {
			isa = PBXGroup;
			children = (
				2D50DFF529B5A71F0072A7D3 /* MoreInfo */,
				2D50DFFC29B5A71F0072A7D3 /* UserDetails */,
				2D50E00529B5A71F0072A7D3 /* Users */,
			);
			path = Presentation;
			sourceTree = "<group>";
		};
		2D50DFF529B5A71F0072A7D3 /* MoreInfo */ = {
			isa = PBXGroup;
			children = (
				2D50DFF629B5A71F0072A7D3 /* ViewModel */,
				2D50DFF829B5A71F0072A7D3 /* View */,
				2D50DFFA29B5A71F0072A7D3 /* Configurator */,
			);
			path = MoreInfo;
			sourceTree = "<group>";
		};
		2D50DFF629B5A71F0072A7D3 /* ViewModel */ = {
			isa = PBXGroup;
			children = (
				2D50DFF729B5A71F0072A7D3 /* MoreInfoViewModel.swift */,
			);
			path = ViewModel;
			sourceTree = "<group>";
		};
		2D50DFF829B5A71F0072A7D3 /* View */ = {
			isa = PBXGroup;
			children = (
				2D50DFF929B5A71F0072A7D3 /* MoreInfoView.swift */,
			);
			path = View;
			sourceTree = "<group>";
		};
		2D50DFFA29B5A71F0072A7D3 /* Configurator */ = {
			isa = PBXGroup;
			children = (
				2D50DFFB29B5A71F0072A7D3 /* MoreInfoConfigurator.swift */,
			);
			path = Configurator;
			sourceTree = "<group>";
		};
		2D50DFFC29B5A71F0072A7D3 /* UserDetails */ = {
			isa = PBXGroup;
			children = (
				2D50DFFD29B5A71F0072A7D3 /* ViewModel */,
				2D50DFFF29B5A71F0072A7D3 /* View */,
				2D50E00129B5A71F0072A7D3 /* Configurator */,
				2D50E00329B5A71F0072A7D3 /* Router */,
			);
			path = UserDetails;
			sourceTree = "<group>";
		};
		2D50DFFD29B5A71F0072A7D3 /* ViewModel */ = {
			isa = PBXGroup;
			children = (
				2D50DFFE29B5A71F0072A7D3 /* UserDetailsViewModel.swift */,
			);
			path = ViewModel;
			sourceTree = "<group>";
		};
		2D50DFFF29B5A71F0072A7D3 /* View */ = {
			isa = PBXGroup;
			children = (
				2D50E00029B5A71F0072A7D3 /* UserDetailsView.swift */,
			);
			path = View;
			sourceTree = "<group>";
		};
		2D50E00129B5A71F0072A7D3 /* Configurator */ = {
			isa = PBXGroup;
			children = (
				2D50E00229B5A71F0072A7D3 /* UserDetailsConfiguarator.swift */,
			);
			path = Configurator;
			sourceTree = "<group>";
		};
		2D50E00329B5A71F0072A7D3 /* Router */ = {
			isa = PBXGroup;
			children = (
				2D50E00429B5A71F0072A7D3 /* UserDetailsRouter.swift */,
			);
			path = Router;
			sourceTree = "<group>";
		};
		2D50E00529B5A71F0072A7D3 /* Users */ = {
			isa = PBXGroup;
			children = (
				2D50E00629B5A71F0072A7D3 /* ViewModel */,
				2D50E00829B5A71F0072A7D3 /* View */,
				2D50E00A29B5A71F0072A7D3 /* Configurator */,
				2D50E00C29B5A71F0072A7D3 /* Router */,
			);
			path = Users;
			sourceTree = "<group>";
		};
		2D50E00629B5A71F0072A7D3 /* ViewModel */ = {
			isa = PBXGroup;
			children = (
				2D50E00729B5A71F0072A7D3 /* UsersViewModel.swift */,
			);
			path = ViewModel;
			sourceTree = "<group>";
		};
		2D50E00829B5A71F0072A7D3 /* View */ = {
			isa = PBXGroup;
			children = (
				2D50E00929B5A71F0072A7D3 /* UsersView.swift */,
			);
			path = View;
			sourceTree = "<group>";
		};
		2D50E00A29B5A71F0072A7D3 /* Configurator */ = {
			isa = PBXGroup;
			children = (
				2D50E00B29B5A71F0072A7D3 /* UsersConfigurator.swift */,
			);
			path = Configurator;
			sourceTree = "<group>";
		};
		2D50E00C29B5A71F0072A7D3 /* Router */ = {
			isa = PBXGroup;
			children = (
				2D50E00D29B5A71F0072A7D3 /* UsersRouter.swift */,
			);
			path = Router;
			sourceTree = "<group>";
		};
		2D50E01329B5A71F0072A7D3 /* BusinessLogic */ = {
			isa = PBXGroup;
			children = (
				2D50E01429B5A71F0072A7D3 /* Endpoints */,
				2D50E01729B5A71F0072A7D3 /* Models */,
				2D50E01A29B5A71F0072A7D3 /* Services */,
			);
			path = BusinessLogic;
			sourceTree = "<group>";
		};
		2D50E01429B5A71F0072A7D3 /* Endpoints */ = {
			isa = PBXGroup;
			children = (
				2D50E01529B5A71F0072A7D3 /* NewsAPIEndpoint.swift */,
				2D50E01629B5A71F0072A7D3 /* BaseAPIEndpoint.swift */,
			);
			path = Endpoints;
			sourceTree = "<group>";
		};
		2D50E01729B5A71F0072A7D3 /* Models */ = {
			isa = PBXGroup;
			children = (
				2D50E01829B5A71F0072A7D3 /* Users.swift */,
				2D50E01929B5A71F0072A7D3 /* User.swift */,
			);
			path = Models;
			sourceTree = "<group>";
		};
		2D50E01A29B5A71F0072A7D3 /* Services */ = {
			isa = PBXGroup;
			children = (
				2D50E01B29B5A71F0072A7D3 /* UserImageService.swift */,
				2D50E01C29B5A71F0072A7D3 /* UserService.swift */,
			);
			path = Services;
			sourceTree = "<group>";
		};
		2D50E03A29B5AA610072A7D3 /* Configuration */ = {
			isa = PBXGroup;
			children = (
				2D50E03C29B5AA610072A7D3 /* BaseConfig.xcconfig */,
				2D50E03D29B5AA610072A7D3 /* StagingConfig.xcconfig */,
				2D50E05329B5AD020072A7D3 /* ReleaseConfig.xcconfig */,
				2D50E05429B5AD490072A7D3 /* DebugConfig.xcconfig */,
				2D50E03E29B5AA610072A7D3 /* ProductionConfig.xcconfig */,
			);
			path = Configuration;
			sourceTree = "<group>";
		};
		2D81042629B5027200F22C48 = {
			isa = PBXGroup;
			children = (
				2D81043129B5027200F22C48 /* MVVMCleanCodeSwiftUI */,
				2D81044229B5027400F22C48 /* MVVMCleanCodeSwiftUITests */,
				2D81043029B5027200F22C48 /* Products */,
				42FEB99C5F0005875ED8F385 /* Pods */,
				ABF85F07D9121C382C7ED4A3 /* Frameworks */,
			);
			sourceTree = "<group>";
		};
		2D81043029B5027200F22C48 /* Products */ = {
			isa = PBXGroup;
			children = (
				2D81042F29B5027200F22C48 /* MVVMCleanCodeSwiftUI.app */,
				2D81043F29B5027400F22C48 /* MVVMCleanCodeSwiftUITests.xctest */,
			);
			name = Products;
			sourceTree = "<group>";
		};
		2D81043129B5027200F22C48 /* MVVMCleanCodeSwiftUI */ = {
			isa = PBXGroup;
			children = (
				2D50E03929B5A7840072A7D3 /* Info.plist */,
				2D50E05529B5B3430072A7D3 /* Assets.xcassets */,
				2D81043229B5027200F22C48 /* MVVMCleanCodeSwiftUIApp.swift */,
				2D50E03A29B5AA610072A7D3 /* Configuration */,
				2D50E01329B5A71F0072A7D3 /* BusinessLogic */,
				2D50DFEA29B5A71F0072A7D3 /* Core */,
				2D50DFF429B5A71F0072A7D3 /* Presentation */,
				2D81043829B5027300F22C48 /* Preview Content */,
			);
			path = MVVMCleanCodeSwiftUI;
			sourceTree = "<group>";
		};
		2D81043829B5027300F22C48 /* Preview Content */ = {
			isa = PBXGroup;
			children = (
				2D81043929B5027300F22C48 /* Preview Assets.xcassets */,
			);
			path = "Preview Content";
			sourceTree = "<group>";
		};
		2D81044229B5027400F22C48 /* MVVMCleanCodeSwiftUITests */ = {
			isa = PBXGroup;
			children = (
				2D81044329B5027400F22C48 /* MVVMCleanCodeSwiftUITests.swift */,
			);
			path = MVVMCleanCodeSwiftUITests;
			sourceTree = "<group>";
		};
		42FEB99C5F0005875ED8F385 /* Pods */ = {
			isa = PBXGroup;
			children = (
				B6D0329E18D237ED60E9D14E /* Pods-MVVMCleanCodeSwiftUI.debug.xcconfig */,
				86DC38F3CB11A07EE868B8F6 /* Pods-MVVMCleanCodeSwiftUI.release.xcconfig */,
				A3EE8C9005A60F730C953CE2 /* Pods-MVVMCleanCodeSwiftUI-MVVMCleanCodeSwiftUIUITests.debug.xcconfig */,
				7EA94DD5CAFCA6D5A6771FAC /* Pods-MVVMCleanCodeSwiftUI-MVVMCleanCodeSwiftUIUITests.release.xcconfig */,
				CB5B7EF5C1337359B062C1A1 /* Pods-MVVMCleanCodeSwiftUI.debugdevelopment.xcconfig */,
				A23200838130CFB9342C0550 /* Pods-MVVMCleanCodeSwiftUI.debugstaging.xcconfig */,
				4DBCA6074C7C4057DB7BEC08 /* Pods-MVVMCleanCodeSwiftUI.debugproduction.xcconfig */,
				B2A653B044536BE1AEEC65DD /* Pods-MVVMCleanCodeSwiftUI.releasedevelopment.xcconfig */,
				6B8F6DEBB1A4D504B90F37D9 /* Pods-MVVMCleanCodeSwiftUI.releasestaging.xcconfig */,
				76EF14F6514C3B5A287323AF /* Pods-MVVMCleanCodeSwiftUI.releaseproduction.xcconfig */,
				8E1AD7A19149AC4D2BA1F21A /* Pods-MVVMCleanCodeSwiftUI-MVVMCleanCodeSwiftUIUITests.debugdevelopment.xcconfig */,
				38A9605AF061B885AFB2578D /* Pods-MVVMCleanCodeSwiftUI-MVVMCleanCodeSwiftUIUITests.debugstaging.xcconfig */,
				9959CF6051C28E614EE596D6 /* Pods-MVVMCleanCodeSwiftUI-MVVMCleanCodeSwiftUIUITests.debugproduction.xcconfig */,
				A7BCACB2BB942E146F166130 /* Pods-MVVMCleanCodeSwiftUI-MVVMCleanCodeSwiftUIUITests.releasedevelopment.xcconfig */,
				F41251BA4C38CE609BA06ED1 /* Pods-MVVMCleanCodeSwiftUI-MVVMCleanCodeSwiftUIUITests.releasestaging.xcconfig */,
				BF28AB626422D2F2BB25C589 /* Pods-MVVMCleanCodeSwiftUI-MVVMCleanCodeSwiftUIUITests.releaseproduction.xcconfig */,
				E2AB56B4F22E2E4F2C4BC699 /* Pods-MVVMCleanCodeSwiftUITests.debugdevelopment.xcconfig */,
				119B8EDA29A78817A6DBECBF /* Pods-MVVMCleanCodeSwiftUITests.debugstaging.xcconfig */,
				2367F69923281454B5C93467 /* Pods-MVVMCleanCodeSwiftUITests.debugproduction.xcconfig */,
				84E9EAAF83AEA92C5FCF9102 /* Pods-MVVMCleanCodeSwiftUITests.releasedevelopment.xcconfig */,
				4AC81BE534A13783A45B1841 /* Pods-MVVMCleanCodeSwiftUITests.releasestaging.xcconfig */,
				174854144AE29FA44AEE5C27 /* Pods-MVVMCleanCodeSwiftUITests.releaseproduction.xcconfig */,
				D743F17239DA3912AE0D955A /* Pods-MVVMCleanCodeSwiftUI.staging.xcconfig */,
				6E69BA48238A6069602646EC /* Pods-MVVMCleanCodeSwiftUI.production.xcconfig */,
				7AC5F430674B1EFBDD06F6F2 /* Pods-MVVMCleanCodeSwiftUI-MVVMCleanCodeSwiftUIUITests.staging.xcconfig */,
				F1FD82D4B14973309633B53D /* Pods-MVVMCleanCodeSwiftUI-MVVMCleanCodeSwiftUIUITests.production.xcconfig */,
			);
			path = Pods;
			sourceTree = "<group>";
		};
		ABF85F07D9121C382C7ED4A3 /* Frameworks */ = {
			isa = PBXGroup;
			children = (
				B62DAFD0A7946C9A3E870DF4 /* Pods_MVVMCleanCodeSwiftUI.framework */,
			);
			name = Frameworks;
			sourceTree = "<group>";
		};
/* End PBXGroup section */

/* Begin PBXNativeTarget section */
		2D81042E29B5027200F22C48 /* MVVMCleanCodeSwiftUI */ = {
			isa = PBXNativeTarget;
			buildConfigurationList = 2D81045329B5027400F22C48 /* Build configuration list for PBXNativeTarget "MVVMCleanCodeSwiftUI" */;
			buildPhases = (
				49C5CB4AD079029C4516806D /* [CP] Check Pods Manifest.lock */,
				2D81042B29B5027200F22C48 /* Sources */,
				2D81042C29B5027200F22C48 /* Frameworks */,
				2D81042D29B5027200F22C48 /* Resources */,
			);
			buildRules = (
			);
			dependencies = (
			);
			name = MVVMCleanCodeSwiftUI;
			productName = MVVMCleanCodeSwiftUI;
			productReference = 2D81042F29B5027200F22C48 /* MVVMCleanCodeSwiftUI.app */;
			productType = "com.apple.product-type.application";
		};
		2D81043E29B5027400F22C48 /* MVVMCleanCodeSwiftUITests */ = {
			isa = PBXNativeTarget;
			buildConfigurationList = 2D81045629B5027400F22C48 /* Build configuration list for PBXNativeTarget "MVVMCleanCodeSwiftUITests" */;
			buildPhases = (
				2D81043B29B5027400F22C48 /* Sources */,
				2D81043C29B5027400F22C48 /* Frameworks */,
				2D81043D29B5027400F22C48 /* Resources */,
			);
			buildRules = (
			);
			dependencies = (
				2D81044129B5027400F22C48 /* PBXTargetDependency */,
			);
			name = MVVMCleanCodeSwiftUITests;
			productName = MVVMCleanCodeSwiftUITests;
			productReference = 2D81043F29B5027400F22C48 /* MVVMCleanCodeSwiftUITests.xctest */;
			productType = "com.apple.product-type.bundle.unit-test";
		};
/* End PBXNativeTarget section */

/* Begin PBXProject section */
		2D81042729B5027200F22C48 /* Project object */ = {
			isa = PBXProject;
			attributes = {
				BuildIndependentTargetsInParallel = 1;
				LastSwiftUpdateCheck = 1420;
				LastUpgradeCheck = 1420;
				TargetAttributes = {
					2D81042E29B5027200F22C48 = {
						CreatedOnToolsVersion = 14.2;
					};
					2D81043E29B5027400F22C48 = {
						CreatedOnToolsVersion = 14.2;
						TestTargetID = 2D81042E29B5027200F22C48;
					};
				};
			};
			buildConfigurationList = 2D81042A29B5027200F22C48 /* Build configuration list for PBXProject "MVVMCleanCodeSwiftUI" */;
			compatibilityVersion = "Xcode 14.0";
			developmentRegion = en;
			hasScannedForEncodings = 0;
			knownRegions = (
				en,
				Base,
			);
			mainGroup = 2D81042629B5027200F22C48;
			productRefGroup = 2D81043029B5027200F22C48 /* Products */;
			projectDirPath = "";
			projectRoot = "";
			targets = (
				2D81042E29B5027200F22C48 /* MVVMCleanCodeSwiftUI */,
				2D81043E29B5027400F22C48 /* MVVMCleanCodeSwiftUITests */,
			);
		};
/* End PBXProject section */

/* Begin PBXResourcesBuildPhase section */
		2D81042D29B5027200F22C48 /* Resources */ = {
			isa = PBXResourcesBuildPhase;
			buildActionMask = 2147483647;
			files = (
				2D50E04129B5AA610072A7D3 /* StagingConfig.xcconfig in Resources */,
				2D50E04229B5AA610072A7D3 /* ProductionConfig.xcconfig in Resources */,
				2D81043A29B5027300F22C48 /* Preview Assets.xcassets in Resources */,
				2D50E04029B5AA610072A7D3 /* BaseConfig.xcconfig in Resources */,
				2D50E05629B5B3430072A7D3 /* Assets.xcassets in Resources */,
			);
			runOnlyForDeploymentPostprocessing = 0;
		};
		2D81043D29B5027400F22C48 /* Resources */ = {
			isa = PBXResourcesBuildPhase;
			buildActionMask = 2147483647;
			files = (
			);
			runOnlyForDeploymentPostprocessing = 0;
		};
/* End PBXResourcesBuildPhase section */

/* Begin PBXShellScriptBuildPhase section */
		49C5CB4AD079029C4516806D /* [CP] Check Pods Manifest.lock */ = {
			isa = PBXShellScriptBuildPhase;
			buildActionMask = 2147483647;
			files = (
			);
			inputFileListPaths = (
			);
			inputPaths = (
				"${PODS_PODFILE_DIR_PATH}/Podfile.lock",
				"${PODS_ROOT}/Manifest.lock",
			);
			name = "[CP] Check Pods Manifest.lock";
			outputFileListPaths = (
			);
			outputPaths = (
				"$(DERIVED_FILE_DIR)/Pods-MVVMCleanCodeSwiftUI-checkManifestLockResult.txt",
			);
			runOnlyForDeploymentPostprocessing = 0;
			shellPath = /bin/sh;
			shellScript = "diff \"${PODS_PODFILE_DIR_PATH}/Podfile.lock\" \"${PODS_ROOT}/Manifest.lock\" > /dev/null\nif [ $? != 0 ] ; then\n    # print error to STDERR\n    echo \"error: The sandbox is not in sync with the Podfile.lock. Run 'pod install' or update your CocoaPods installation.\" >&2\n    exit 1\nfi\n# This output is used by Xcode 'outputs' to avoid re-running this script phase.\necho \"SUCCESS\" > \"${SCRIPT_OUTPUT_FILE_0}\"\n";
			showEnvVarsInLog = 0;
		};
/* End PBXShellScriptBuildPhase section */

/* Begin PBXSourcesBuildPhase section */
		2D81042B29B5027200F22C48 /* Sources */ = {
			isa = PBXSourcesBuildPhase;
			buildActionMask = 2147483647;
			files = (
				2D50E02329B5A71F0072A7D3 /* AppUtility.swift in Sources */,
				2D50E03829B5A71F0072A7D3 /* UserService.swift in Sources */,
				2D50E02529B5A71F0072A7D3 /* MoreInfoView.swift in Sources */,
				2D50E02729B5A71F0072A7D3 /* UserDetailsViewModel.swift in Sources */,
				2D50E02E29B5A71F0072A7D3 /* UsersRouter.swift in Sources */,
				2D50E02D29B5A71F0072A7D3 /* UsersConfigurator.swift in Sources */,
				2D50E02229B5A71F0072A7D3 /* AppEnvironment.swift in Sources */,
				2D50E01F29B5A71F0072A7D3 /* AppErrors.swift in Sources */,
				2D50E02129B5A71F0072A7D3 /* AppConstants.swift in Sources */,
				2D50E02029B5A71F0072A7D3 /* AppConfiguration.swift in Sources */,
				2D50E01D29B5A71F0072A7D3 /* HttpMethod.swift in Sources */,
				2D50E03529B5A71F0072A7D3 /* Users.swift in Sources */,
				2D50E02C29B5A71F0072A7D3 /* UsersView.swift in Sources */,
				2D50E02A29B5A71F0072A7D3 /* UserDetailsRouter.swift in Sources */,
				2D50E03329B5A71F0072A7D3 /* NewsAPIEndpoint.swift in Sources */,
				2D50E02829B5A71F0072A7D3 /* UserDetailsView.swift in Sources */,
				2D50E03429B5A71F0072A7D3 /* BaseAPIEndpoint.swift in Sources */,
				2D50E01E29B5A71F0072A7D3 /* HttpClient.swift in Sources */,
				2D50E02929B5A71F0072A7D3 /* UserDetailsConfiguarator.swift in Sources */,
				2D81043329B5027200F22C48 /* MVVMCleanCodeSwiftUIApp.swift in Sources */,
				2D50E02B29B5A71F0072A7D3 /* UsersViewModel.swift in Sources */,
				2D50E03729B5A71F0072A7D3 /* UserImageService.swift in Sources */,
				2D50E02429B5A71F0072A7D3 /* MoreInfoViewModel.swift in Sources */,
				2D50E02629B5A71F0072A7D3 /* MoreInfoConfigurator.swift in Sources */,
				2D50E03629B5A71F0072A7D3 /* User.swift in Sources */,
			);
			runOnlyForDeploymentPostprocessing = 0;
		};
		2D81043B29B5027400F22C48 /* Sources */ = {
			isa = PBXSourcesBuildPhase;
			buildActionMask = 2147483647;
			files = (
				2D81044429B5027400F22C48 /* MVVMCleanCodeSwiftUITests.swift in Sources */,
			);
			runOnlyForDeploymentPostprocessing = 0;
		};
/* End PBXSourcesBuildPhase section */

/* Begin PBXTargetDependency section */
		2D81044129B5027400F22C48 /* PBXTargetDependency */ = {
			isa = PBXTargetDependency;
			target = 2D81042E29B5027200F22C48 /* MVVMCleanCodeSwiftUI */;
			targetProxy = 2D81044029B5027400F22C48 /* PBXContainerItemProxy */;
		};
/* End PBXTargetDependency section */

/* Begin XCBuildConfiguration section */
		2D50E04729B5AA840072A7D3 /* Staging */ = {
			isa = XCBuildConfiguration;
			buildSettings = {
				ALWAYS_SEARCH_USER_PATHS = NO;
				CLANG_ANALYZER_NONNULL = YES;
				CLANG_ANALYZER_NUMBER_OBJECT_CONVERSION = YES_AGGRESSIVE;
				CLANG_CXX_LANGUAGE_STANDARD = "gnu++20";
				CLANG_ENABLE_MODULES = YES;
				CLANG_ENABLE_OBJC_ARC = YES;
				CLANG_ENABLE_OBJC_WEAK = YES;
				CLANG_WARN_BLOCK_CAPTURE_AUTORELEASING = YES;
				CLANG_WARN_BOOL_CONVERSION = YES;
				CLANG_WARN_COMMA = YES;
				CLANG_WARN_CONSTANT_CONVERSION = YES;
				CLANG_WARN_DEPRECATED_OBJC_IMPLEMENTATIONS = YES;
				CLANG_WARN_DIRECT_OBJC_ISA_USAGE = YES_ERROR;
				CLANG_WARN_DOCUMENTATION_COMMENTS = YES;
				CLANG_WARN_EMPTY_BODY = YES;
				CLANG_WARN_ENUM_CONVERSION = YES;
				CLANG_WARN_INFINITE_RECURSION = YES;
				CLANG_WARN_INT_CONVERSION = YES;
				CLANG_WARN_NON_LITERAL_NULL_CONVERSION = YES;
				CLANG_WARN_OBJC_IMPLICIT_RETAIN_SELF = YES;
				CLANG_WARN_OBJC_LITERAL_CONVERSION = YES;
				CLANG_WARN_OBJC_ROOT_CLASS = YES_ERROR;
				CLANG_WARN_QUOTED_INCLUDE_IN_FRAMEWORK_HEADER = YES;
				CLANG_WARN_RANGE_LOOP_ANALYSIS = YES;
				CLANG_WARN_STRICT_PROTOTYPES = YES;
				CLANG_WARN_SUSPICIOUS_MOVE = YES;
				CLANG_WARN_UNGUARDED_AVAILABILITY = YES_AGGRESSIVE;
				CLANG_WARN_UNREACHABLE_CODE = YES;
				CLANG_WARN__DUPLICATE_METHOD_MATCH = YES;
				COPY_PHASE_STRIP = NO;
				DEBUG_INFORMATION_FORMAT = dwarf;
				ENABLE_STRICT_OBJC_MSGSEND = YES;
				ENABLE_TESTABILITY = YES;
				GCC_C_LANGUAGE_STANDARD = gnu11;
				GCC_DYNAMIC_NO_PIC = NO;
				GCC_NO_COMMON_BLOCKS = YES;
				GCC_OPTIMIZATION_LEVEL = 0;
				GCC_PREPROCESSOR_DEFINITIONS = (
					"DEBUG=1",
					"$(inherited)",
				);
				GCC_WARN_64_TO_32_BIT_CONVERSION = YES;
				GCC_WARN_ABOUT_RETURN_TYPE = YES_ERROR;
				GCC_WARN_UNDECLARED_SELECTOR = YES;
				GCC_WARN_UNINITIALIZED_AUTOS = YES_AGGRESSIVE;
				GCC_WARN_UNUSED_FUNCTION = YES;
				GCC_WARN_UNUSED_VARIABLE = YES;
				IPHONEOS_DEPLOYMENT_TARGET = 16.2;
				MTL_ENABLE_DEBUG_INFO = INCLUDE_SOURCE;
				MTL_FAST_MATH = YES;
				ONLY_ACTIVE_ARCH = YES;
				SDKROOT = iphoneos;
				SWIFT_ACTIVE_COMPILATION_CONDITIONS = DEBUG;
				SWIFT_OPTIMIZATION_LEVEL = "-Onone";
			};
			name = Staging;
		};
		2D50E04829B5AA840072A7D3 /* Staging */ = {
			isa = XCBuildConfiguration;
			baseConfigurationReference = 2D50E03D29B5AA610072A7D3 /* StagingConfig.xcconfig */;
			buildSettings = {
				ASSETCATALOG_COMPILER_APPICON_NAME = AppIconStaging;
				ASSETCATALOG_COMPILER_GLOBAL_ACCENT_COLOR_NAME = AccentColor;
				CODE_SIGN_IDENTITY = "iPhone Distribution: Kevin Vishal (UQN7GH636G)";
				"CODE_SIGN_IDENTITY[sdk=iphoneos*]" = "iPhone Distribution: Kevin Vishal (UQN7GH636G)";
				CODE_SIGN_STYLE = Manual;
				CURRENT_PROJECT_VERSION = 2;
				DEVELOPMENT_ASSET_PATHS = "\"MVVMCleanCodeSwiftUI/Preview Content\"";
				DEVELOPMENT_TEAM = "";
				"DEVELOPMENT_TEAM[sdk=iphoneos*]" = UQN7GH636G;
				ENABLE_PREVIEWS = YES;
				GENERATE_INFOPLIST_FILE = YES;
				INFOPLIST_FILE = MVVMCleanCodeSwiftUI/Info.plist;
				INFOPLIST_KEY_CFBundleDisplayName = "$(APP_NAME)";
				INFOPLIST_KEY_UIApplicationSupportsIndirectInputEvents = YES;
				INFOPLIST_KEY_UILaunchScreen_Generation = YES;
				INFOPLIST_KEY_UISupportedInterfaceOrientations_iPad = "UIInterfaceOrientationPortrait UIInterfaceOrientationPortraitUpsideDown UIInterfaceOrientationLandscapeLeft UIInterfaceOrientationLandscapeRight";
				INFOPLIST_KEY_UISupportedInterfaceOrientations_iPhone = "UIInterfaceOrientationPortrait UIInterfaceOrientationLandscapeLeft UIInterfaceOrientationLandscapeRight";
				LD_RUNPATH_SEARCH_PATHS = (
					"$(inherited)",
					"@executable_path/Frameworks",
				);
				MARKETING_VERSION = 1.0;
				PRODUCT_BUNDLE_IDENTIFIER = com.tuffytiffany.newsuncle;
				PRODUCT_NAME = "$(TARGET_NAME)";
				PROVISIONING_PROFILE_SPECIFIER = NewsUncleAdhocDistribution;
				"PROVISIONING_PROFILE_SPECIFIER[sdk=iphoneos*]" = NewsUncleAdhocDistribution;
				SWIFT_EMIT_LOC_STRINGS = YES;
				SWIFT_VERSION = 5.0;
				TARGETED_DEVICE_FAMILY = "1,2";
			};
			name = Staging;
		};
		2D50E04929B5AA840072A7D3 /* Staging */ = {
			isa = XCBuildConfiguration;
			buildSettings = {
				ALWAYS_EMBED_SWIFT_STANDARD_LIBRARIES = YES;
				BUNDLE_LOADER = "$(TEST_HOST)";
				CODE_SIGN_STYLE = Automatic;
				CURRENT_PROJECT_VERSION = 6;
				DEVELOPMENT_TEAM = UQN7GH636G;
				GENERATE_INFOPLIST_FILE = YES;
				IPHONEOS_DEPLOYMENT_TARGET = 16.2;
				MARKETING_VERSION = 1.0;
				PRODUCT_BUNDLE_IDENTIFIER = com.tuffytiffany.MVVMCleanCodeSwiftUITests;
				PRODUCT_NAME = "$(TARGET_NAME)";
				SWIFT_EMIT_LOC_STRINGS = NO;
				SWIFT_VERSION = 5.0;
				TARGETED_DEVICE_FAMILY = "1,2";
				TEST_HOST = "$(BUILT_PRODUCTS_DIR)/MVVMCleanCodeSwiftUI.app/$(BUNDLE_EXECUTABLE_FOLDER_PATH)/MVVMCleanCodeSwiftUI";
			};
			name = Staging;
		};
		2D50E05729B5D04A0072A7D3 /* Production */ = {
			isa = XCBuildConfiguration;
			buildSettings = {
				ALWAYS_SEARCH_USER_PATHS = NO;
				CLANG_ANALYZER_NONNULL = YES;
				CLANG_ANALYZER_NUMBER_OBJECT_CONVERSION = YES_AGGRESSIVE;
				CLANG_CXX_LANGUAGE_STANDARD = "gnu++20";
				CLANG_ENABLE_MODULES = YES;
				CLANG_ENABLE_OBJC_ARC = YES;
				CLANG_ENABLE_OBJC_WEAK = YES;
				CLANG_WARN_BLOCK_CAPTURE_AUTORELEASING = YES;
				CLANG_WARN_BOOL_CONVERSION = YES;
				CLANG_WARN_COMMA = YES;
				CLANG_WARN_CONSTANT_CONVERSION = YES;
				CLANG_WARN_DEPRECATED_OBJC_IMPLEMENTATIONS = YES;
				CLANG_WARN_DIRECT_OBJC_ISA_USAGE = YES_ERROR;
				CLANG_WARN_DOCUMENTATION_COMMENTS = YES;
				CLANG_WARN_EMPTY_BODY = YES;
				CLANG_WARN_ENUM_CONVERSION = YES;
				CLANG_WARN_INFINITE_RECURSION = YES;
				CLANG_WARN_INT_CONVERSION = YES;
				CLANG_WARN_NON_LITERAL_NULL_CONVERSION = YES;
				CLANG_WARN_OBJC_IMPLICIT_RETAIN_SELF = YES;
				CLANG_WARN_OBJC_LITERAL_CONVERSION = YES;
				CLANG_WARN_OBJC_ROOT_CLASS = YES_ERROR;
				CLANG_WARN_QUOTED_INCLUDE_IN_FRAMEWORK_HEADER = YES;
				CLANG_WARN_RANGE_LOOP_ANALYSIS = YES;
				CLANG_WARN_STRICT_PROTOTYPES = YES;
				CLANG_WARN_SUSPICIOUS_MOVE = YES;
				CLANG_WARN_UNGUARDED_AVAILABILITY = YES_AGGRESSIVE;
				CLANG_WARN_UNREACHABLE_CODE = YES;
				CLANG_WARN__DUPLICATE_METHOD_MATCH = YES;
				COPY_PHASE_STRIP = NO;
				DEBUG_INFORMATION_FORMAT = dwarf;
				ENABLE_STRICT_OBJC_MSGSEND = YES;
				ENABLE_TESTABILITY = YES;
				GCC_C_LANGUAGE_STANDARD = gnu11;
				GCC_DYNAMIC_NO_PIC = NO;
				GCC_NO_COMMON_BLOCKS = YES;
				GCC_OPTIMIZATION_LEVEL = 0;
				GCC_PREPROCESSOR_DEFINITIONS = (
					"DEBUG=1",
					"$(inherited)",
				);
				GCC_WARN_64_TO_32_BIT_CONVERSION = YES;
				GCC_WARN_ABOUT_RETURN_TYPE = YES_ERROR;
				GCC_WARN_UNDECLARED_SELECTOR = YES;
				GCC_WARN_UNINITIALIZED_AUTOS = YES_AGGRESSIVE;
				GCC_WARN_UNUSED_FUNCTION = YES;
				GCC_WARN_UNUSED_VARIABLE = YES;
				IPHONEOS_DEPLOYMENT_TARGET = 16.2;
				MTL_ENABLE_DEBUG_INFO = INCLUDE_SOURCE;
				MTL_FAST_MATH = YES;
				ONLY_ACTIVE_ARCH = YES;
				SDKROOT = iphoneos;
				SWIFT_ACTIVE_COMPILATION_CONDITIONS = DEBUG;
				SWIFT_OPTIMIZATION_LEVEL = "-Onone";
			};
			name = Production;
		};
		2D50E05829B5D04A0072A7D3 /* Production */ = {
			isa = XCBuildConfiguration;
			baseConfigurationReference = 2D50E03E29B5AA610072A7D3 /* ProductionConfig.xcconfig */;
			buildSettings = {
				ASSETCATALOG_COMPILER_APPICON_NAME = AppIconDevelopment;
				ASSETCATALOG_COMPILER_GLOBAL_ACCENT_COLOR_NAME = AccentColor;
				"CODE_SIGN_IDENTITY[sdk=iphoneos*]" = "iPhone Distribution";
				CODE_SIGN_STYLE = Manual;
				CURRENT_PROJECT_VERSION = 2;
				DEVELOPMENT_ASSET_PATHS = "\"MVVMCleanCodeSwiftUI/Preview Content\"";
				DEVELOPMENT_TEAM = "";
				"DEVELOPMENT_TEAM[sdk=iphoneos*]" = UQN7GH636G;
				ENABLE_PREVIEWS = YES;
				GENERATE_INFOPLIST_FILE = YES;
				INFOPLIST_FILE = MVVMCleanCodeSwiftUI/Info.plist;
				INFOPLIST_KEY_CFBundleDisplayName = "$(APP_NAME)";
				INFOPLIST_KEY_UIApplicationSupportsIndirectInputEvents = YES;
				INFOPLIST_KEY_UILaunchScreen_Generation = YES;
				INFOPLIST_KEY_UISupportedInterfaceOrientations_iPad = "UIInterfaceOrientationPortrait UIInterfaceOrientationPortraitUpsideDown UIInterfaceOrientationLandscapeLeft UIInterfaceOrientationLandscapeRight";
				INFOPLIST_KEY_UISupportedInterfaceOrientations_iPhone = "UIInterfaceOrientationPortrait UIInterfaceOrientationLandscapeLeft UIInterfaceOrientationLandscapeRight";
				LD_RUNPATH_SEARCH_PATHS = (
					"$(inherited)",
					"@executable_path/Frameworks",
				);
				MARKETING_VERSION = 1.0;
				PRODUCT_NAME = "$(TARGET_NAME)";
				PROVISIONING_PROFILE_SPECIFIER = "";
				"PROVISIONING_PROFILE_SPECIFIER[sdk=iphoneos*]" = NewsUncleAppStoreDistributionProfile;
				SWIFT_EMIT_LOC_STRINGS = YES;
				SWIFT_VERSION = 5.0;
				TARGETED_DEVICE_FAMILY = "1,2";
			};
			name = Production;
		};
		2D50E05929B5D04A0072A7D3 /* Production */ = {
			isa = XCBuildConfiguration;
			buildSettings = {
				ALWAYS_EMBED_SWIFT_STANDARD_LIBRARIES = YES;
				BUNDLE_LOADER = "$(TEST_HOST)";
				CODE_SIGN_STYLE = Automatic;
				CURRENT_PROJECT_VERSION = 6;
				DEVELOPMENT_TEAM = UQN7GH636G;
				GENERATE_INFOPLIST_FILE = YES;
				IPHONEOS_DEPLOYMENT_TARGET = 16.2;
				MARKETING_VERSION = 1.0;
				PRODUCT_BUNDLE_IDENTIFIER = com.tuffytiffany.MVVMCleanCodeSwiftUITests;
				PRODUCT_NAME = "$(TARGET_NAME)";
				SWIFT_EMIT_LOC_STRINGS = NO;
				SWIFT_VERSION = 5.0;
				TARGETED_DEVICE_FAMILY = "1,2";
				TEST_HOST = "$(BUILT_PRODUCTS_DIR)/MVVMCleanCodeSwiftUI.app/$(BUNDLE_EXECUTABLE_FOLDER_PATH)/MVVMCleanCodeSwiftUI";
			};
			name = Production;
		};
		2D81045129B5027400F22C48 /* Debug */ = {
			isa = XCBuildConfiguration;
			buildSettings = {
				ALWAYS_SEARCH_USER_PATHS = NO;
				CLANG_ANALYZER_NONNULL = YES;
				CLANG_ANALYZER_NUMBER_OBJECT_CONVERSION = YES_AGGRESSIVE;
				CLANG_CXX_LANGUAGE_STANDARD = "gnu++20";
				CLANG_ENABLE_MODULES = YES;
				CLANG_ENABLE_OBJC_ARC = YES;
				CLANG_ENABLE_OBJC_WEAK = YES;
				CLANG_WARN_BLOCK_CAPTURE_AUTORELEASING = YES;
				CLANG_WARN_BOOL_CONVERSION = YES;
				CLANG_WARN_COMMA = YES;
				CLANG_WARN_CONSTANT_CONVERSION = YES;
				CLANG_WARN_DEPRECATED_OBJC_IMPLEMENTATIONS = YES;
				CLANG_WARN_DIRECT_OBJC_ISA_USAGE = YES_ERROR;
				CLANG_WARN_DOCUMENTATION_COMMENTS = YES;
				CLANG_WARN_EMPTY_BODY = YES;
				CLANG_WARN_ENUM_CONVERSION = YES;
				CLANG_WARN_INFINITE_RECURSION = YES;
				CLANG_WARN_INT_CONVERSION = YES;
				CLANG_WARN_NON_LITERAL_NULL_CONVERSION = YES;
				CLANG_WARN_OBJC_IMPLICIT_RETAIN_SELF = YES;
				CLANG_WARN_OBJC_LITERAL_CONVERSION = YES;
				CLANG_WARN_OBJC_ROOT_CLASS = YES_ERROR;
				CLANG_WARN_QUOTED_INCLUDE_IN_FRAMEWORK_HEADER = YES;
				CLANG_WARN_RANGE_LOOP_ANALYSIS = YES;
				CLANG_WARN_STRICT_PROTOTYPES = YES;
				CLANG_WARN_SUSPICIOUS_MOVE = YES;
				CLANG_WARN_UNGUARDED_AVAILABILITY = YES_AGGRESSIVE;
				CLANG_WARN_UNREACHABLE_CODE = YES;
				CLANG_WARN__DUPLICATE_METHOD_MATCH = YES;
				COPY_PHASE_STRIP = NO;
				DEBUG_INFORMATION_FORMAT = dwarf;
				ENABLE_STRICT_OBJC_MSGSEND = YES;
				ENABLE_TESTABILITY = YES;
				GCC_C_LANGUAGE_STANDARD = gnu11;
				GCC_DYNAMIC_NO_PIC = NO;
				GCC_NO_COMMON_BLOCKS = YES;
				GCC_OPTIMIZATION_LEVEL = 0;
				GCC_PREPROCESSOR_DEFINITIONS = (
					"DEBUG=1",
					"$(inherited)",
				);
				GCC_WARN_64_TO_32_BIT_CONVERSION = YES;
				GCC_WARN_ABOUT_RETURN_TYPE = YES_ERROR;
				GCC_WARN_UNDECLARED_SELECTOR = YES;
				GCC_WARN_UNINITIALIZED_AUTOS = YES_AGGRESSIVE;
				GCC_WARN_UNUSED_FUNCTION = YES;
				GCC_WARN_UNUSED_VARIABLE = YES;
				IPHONEOS_DEPLOYMENT_TARGET = 16.2;
				MTL_ENABLE_DEBUG_INFO = INCLUDE_SOURCE;
				MTL_FAST_MATH = YES;
				ONLY_ACTIVE_ARCH = YES;
				SDKROOT = iphoneos;
				SWIFT_ACTIVE_COMPILATION_CONDITIONS = DEBUG;
				SWIFT_OPTIMIZATION_LEVEL = "-Onone";
			};
			name = Debug;
		};
		2D81045229B5027400F22C48 /* Release */ = {
			isa = XCBuildConfiguration;
			buildSettings = {
				ALWAYS_SEARCH_USER_PATHS = NO;
				CLANG_ANALYZER_NONNULL = YES;
				CLANG_ANALYZER_NUMBER_OBJECT_CONVERSION = YES_AGGRESSIVE;
				CLANG_CXX_LANGUAGE_STANDARD = "gnu++20";
				CLANG_ENABLE_MODULES = YES;
				CLANG_ENABLE_OBJC_ARC = YES;
				CLANG_ENABLE_OBJC_WEAK = YES;
				CLANG_WARN_BLOCK_CAPTURE_AUTORELEASING = YES;
				CLANG_WARN_BOOL_CONVERSION = YES;
				CLANG_WARN_COMMA = YES;
				CLANG_WARN_CONSTANT_CONVERSION = YES;
				CLANG_WARN_DEPRECATED_OBJC_IMPLEMENTATIONS = YES;
				CLANG_WARN_DIRECT_OBJC_ISA_USAGE = YES_ERROR;
				CLANG_WARN_DOCUMENTATION_COMMENTS = YES;
				CLANG_WARN_EMPTY_BODY = YES;
				CLANG_WARN_ENUM_CONVERSION = YES;
				CLANG_WARN_INFINITE_RECURSION = YES;
				CLANG_WARN_INT_CONVERSION = YES;
				CLANG_WARN_NON_LITERAL_NULL_CONVERSION = YES;
				CLANG_WARN_OBJC_IMPLICIT_RETAIN_SELF = YES;
				CLANG_WARN_OBJC_LITERAL_CONVERSION = YES;
				CLANG_WARN_OBJC_ROOT_CLASS = YES_ERROR;
				CLANG_WARN_QUOTED_INCLUDE_IN_FRAMEWORK_HEADER = YES;
				CLANG_WARN_RANGE_LOOP_ANALYSIS = YES;
				CLANG_WARN_STRICT_PROTOTYPES = YES;
				CLANG_WARN_SUSPICIOUS_MOVE = YES;
				CLANG_WARN_UNGUARDED_AVAILABILITY = YES_AGGRESSIVE;
				CLANG_WARN_UNREACHABLE_CODE = YES;
				CLANG_WARN__DUPLICATE_METHOD_MATCH = YES;
				COPY_PHASE_STRIP = NO;
				DEBUG_INFORMATION_FORMAT = "dwarf-with-dsym";
				ENABLE_NS_ASSERTIONS = NO;
				ENABLE_STRICT_OBJC_MSGSEND = YES;
				GCC_C_LANGUAGE_STANDARD = gnu11;
				GCC_NO_COMMON_BLOCKS = YES;
				GCC_WARN_64_TO_32_BIT_CONVERSION = YES;
				GCC_WARN_ABOUT_RETURN_TYPE = YES_ERROR;
				GCC_WARN_UNDECLARED_SELECTOR = YES;
				GCC_WARN_UNINITIALIZED_AUTOS = YES_AGGRESSIVE;
				GCC_WARN_UNUSED_FUNCTION = YES;
				GCC_WARN_UNUSED_VARIABLE = YES;
				IPHONEOS_DEPLOYMENT_TARGET = 16.2;
				MTL_ENABLE_DEBUG_INFO = NO;
				MTL_FAST_MATH = YES;
				SDKROOT = iphoneos;
				SWIFT_COMPILATION_MODE = wholemodule;
				SWIFT_OPTIMIZATION_LEVEL = "-O";
				VALIDATE_PRODUCT = YES;
			};
			name = Release;
		};
		2D81045429B5027400F22C48 /* Debug */ = {
			isa = XCBuildConfiguration;
			baseConfigurationReference = 2D50E05429B5AD490072A7D3 /* DebugConfig.xcconfig */;
			buildSettings = {
				ASSETCATALOG_COMPILER_APPICON_NAME = AppIconDevelopment;
				ASSETCATALOG_COMPILER_GLOBAL_ACCENT_COLOR_NAME = AccentColor;
				"CODE_SIGN_IDENTITY[sdk=iphoneos*]" = "iPhone Developer";
				CODE_SIGN_STYLE = Manual;
				CURRENT_PROJECT_VERSION = 2;
				DEVELOPMENT_ASSET_PATHS = "\"MVVMCleanCodeSwiftUI/Preview Content\"";
				DEVELOPMENT_TEAM = UQN7GH636G;
				"DEVELOPMENT_TEAM[sdk=iphoneos*]" = UQN7GH636G;
				ENABLE_PREVIEWS = YES;
				GENERATE_INFOPLIST_FILE = YES;
				INFOPLIST_FILE = MVVMCleanCodeSwiftUI/Info.plist;
				INFOPLIST_KEY_CFBundleDisplayName = "$(APP_NAME)";
				INFOPLIST_KEY_UIApplicationSupportsIndirectInputEvents = YES;
				INFOPLIST_KEY_UILaunchScreen_Generation = YES;
				INFOPLIST_KEY_UISupportedInterfaceOrientations_iPad = "UIInterfaceOrientationPortrait UIInterfaceOrientationPortraitUpsideDown UIInterfaceOrientationLandscapeLeft UIInterfaceOrientationLandscapeRight";
				INFOPLIST_KEY_UISupportedInterfaceOrientations_iPhone = "UIInterfaceOrientationPortrait UIInterfaceOrientationLandscapeLeft UIInterfaceOrientationLandscapeRight";
				LD_RUNPATH_SEARCH_PATHS = (
					"$(inherited)",
					"@executable_path/Frameworks",
				);
				MARKETING_VERSION = 1.0;
				PRODUCT_BUNDLE_IDENTIFIER = com.tuffytiffany.newsuncle;
				PRODUCT_NAME = "$(TARGET_NAME)";
				PROVISIONING_PROFILE_SPECIFIER = NewsUncleDevelopment;
				"PROVISIONING_PROFILE_SPECIFIER[sdk=iphoneos*]" = NewsUncleDevelopment;
				SWIFT_EMIT_LOC_STRINGS = YES;
				SWIFT_VERSION = 5.0;
				TARGETED_DEVICE_FAMILY = "1,2";
			};
			name = Debug;
		};
		2D81045529B5027400F22C48 /* Release */ = {
			isa = XCBuildConfiguration;
			baseConfigurationReference = 2D50E05329B5AD020072A7D3 /* ReleaseConfig.xcconfig */;
			buildSettings = {
				ASSETCATALOG_COMPILER_APPICON_NAME = AppIcon;
				ASSETCATALOG_COMPILER_GLOBAL_ACCENT_COLOR_NAME = AccentColor;
				"CODE_SIGN_IDENTITY[sdk=iphoneos*]" = "iPhone Distribution";
				CODE_SIGN_STYLE = Manual;
				CURRENT_PROJECT_VERSION = 2;
				DEVELOPMENT_ASSET_PATHS = "\"MVVMCleanCodeSwiftUI/Preview Content\"";
				DEVELOPMENT_TEAM = "";
				"DEVELOPMENT_TEAM[sdk=iphoneos*]" = UQN7GH636G;
				ENABLE_PREVIEWS = YES;
				GENERATE_INFOPLIST_FILE = YES;
				INFOPLIST_FILE = MVVMCleanCodeSwiftUI/Info.plist;
				INFOPLIST_KEY_CFBundleDisplayName = "$(APP_NAME)";
				INFOPLIST_KEY_UIApplicationSupportsIndirectInputEvents = YES;
				INFOPLIST_KEY_UILaunchScreen_Generation = YES;
				INFOPLIST_KEY_UISupportedInterfaceOrientations_iPad = "UIInterfaceOrientationPortrait UIInterfaceOrientationPortraitUpsideDown UIInterfaceOrientationLandscapeLeft UIInterfaceOrientationLandscapeRight";
				INFOPLIST_KEY_UISupportedInterfaceOrientations_iPhone = "UIInterfaceOrientationPortrait UIInterfaceOrientationLandscapeLeft UIInterfaceOrientationLandscapeRight";
				LD_RUNPATH_SEARCH_PATHS = (
					"$(inherited)",
					"@executable_path/Frameworks",
				);
				MARKETING_VERSION = 1.0;
				PRODUCT_NAME = "$(TARGET_NAME)";
				PROVISIONING_PROFILE_SPECIFIER = "";
				"PROVISIONING_PROFILE_SPECIFIER[sdk=iphoneos*]" = NewsUncleAppStoreDistributionProfile;
				SWIFT_EMIT_LOC_STRINGS = YES;
				SWIFT_VERSION = 5.0;
				TARGETED_DEVICE_FAMILY = "1,2";
			};
			name = Release;
		};
		2D81045729B5027400F22C48 /* Debug */ = {
			isa = XCBuildConfiguration;
			buildSettings = {
				ALWAYS_EMBED_SWIFT_STANDARD_LIBRARIES = YES;
				BUNDLE_LOADER = "$(TEST_HOST)";
				CODE_SIGN_STYLE = Automatic;
				CURRENT_PROJECT_VERSION = 6;
				DEVELOPMENT_TEAM = UQN7GH636G;
				GENERATE_INFOPLIST_FILE = YES;
				IPHONEOS_DEPLOYMENT_TARGET = 16.2;
				MARKETING_VERSION = 1.0;
				PRODUCT_BUNDLE_IDENTIFIER = com.tuffytiffany.MVVMCleanCodeSwiftUITests;
				PRODUCT_NAME = "$(TARGET_NAME)";
				SWIFT_EMIT_LOC_STRINGS = NO;
				SWIFT_VERSION = 5.0;
				TARGETED_DEVICE_FAMILY = "1,2";
				TEST_HOST = "$(BUILT_PRODUCTS_DIR)/MVVMCleanCodeSwiftUI.app/$(BUNDLE_EXECUTABLE_FOLDER_PATH)/MVVMCleanCodeSwiftUI";
			};
			name = Debug;
		};
		2D81045829B5027400F22C48 /* Release */ = {
			isa = XCBuildConfiguration;
			buildSettings = {
				ALWAYS_EMBED_SWIFT_STANDARD_LIBRARIES = YES;
				BUNDLE_LOADER = "$(TEST_HOST)";
				CODE_SIGN_STYLE = Automatic;
				CURRENT_PROJECT_VERSION = 6;
				DEVELOPMENT_TEAM = UQN7GH636G;
				GENERATE_INFOPLIST_FILE = YES;
				IPHONEOS_DEPLOYMENT_TARGET = 16.2;
				MARKETING_VERSION = 1.0;
				PRODUCT_BUNDLE_IDENTIFIER = com.tuffytiffany.MVVMCleanCodeSwiftUITests;
				PRODUCT_NAME = "$(TARGET_NAME)";
				SWIFT_EMIT_LOC_STRINGS = NO;
				SWIFT_VERSION = 5.0;
				TARGETED_DEVICE_FAMILY = "1,2";
				TEST_HOST = "$(BUILT_PRODUCTS_DIR)/MVVMCleanCodeSwiftUI.app/$(BUNDLE_EXECUTABLE_FOLDER_PATH)/MVVMCleanCodeSwiftUI";
			};
			name = Release;
		};
/* End XCBuildConfiguration section */

/* Begin XCConfigurationList section */
		2D81042A29B5027200F22C48 /* Build configuration list for PBXProject "MVVMCleanCodeSwiftUI" */ = {
			isa = XCConfigurationList;
			buildConfigurations = (
				2D81045129B5027400F22C48 /* Debug */,
				2D50E05729B5D04A0072A7D3 /* Production */,
				2D50E04729B5AA840072A7D3 /* Staging */,
				2D81045229B5027400F22C48 /* Release */,
			);
			defaultConfigurationIsVisible = 0;
			defaultConfigurationName = Release;
		};
		2D81045329B5027400F22C48 /* Build configuration list for PBXNativeTarget "MVVMCleanCodeSwiftUI" */ = {
			isa = XCConfigurationList;
			buildConfigurations = (
				2D81045429B5027400F22C48 /* Debug */,
				2D50E05829B5D04A0072A7D3 /* Production */,
				2D50E04829B5AA840072A7D3 /* Staging */,
				2D81045529B5027400F22C48 /* Release */,
			);
			defaultConfigurationIsVisible = 0;
			defaultConfigurationName = Release;
		};
		2D81045629B5027400F22C48 /* Build configuration list for PBXNativeTarget "MVVMCleanCodeSwiftUITests" */ = {
			isa = XCConfigurationList;
			buildConfigurations = (
				2D81045729B5027400F22C48 /* Debug */,
				2D50E05929B5D04A0072A7D3 /* Production */,
				2D50E04929B5AA840072A7D3 /* Staging */,
				2D81045829B5027400F22C48 /* Release */,
			);
			defaultConfigurationIsVisible = 0;
			defaultConfigurationName = Release;
		};
/* End XCConfigurationList section */
	};
	rootObject = 2D81042729B5027200F22C48 /* Project object */;
}
